
Microsoft Visual Studio Solution File, Format Version 12.00
# Visual Studio Version 17
VisualStudioVersion = 17.1.32319.34
MinimumVisualStudioVersion = 10.0.40219.1
Project("{2150E333-8FDC-42A3-9474-1A3956D46DE8}") = "Basic Fundation", "Basic Fundation", "{FE64C8EF-215B-4E37-AF71-894A8084B5A0}"
EndProject
Project("{9A19103F-16F7-4668-BE54-9A1E7A4F7556}") = "Sparky", "Sparky\Sparky.csproj", "{8A290A58-31B0-4376-9327-328DF2BDBFD2}"
EndProject
Project("{2150E333-8FDC-42A3-9474-1A3956D46DE8}") = "Solution Items", "Solution Items", "{B5F816FA-88B0-469B-8C77-283D3F810E39}"
	ProjectSection(SolutionItems) = preProject
		.gitignore = .gitignore
	EndProjectSection
EndProject
Project("{9A19103F-16F7-4668-BE54-9A1E7A4F7556}") = "SparkyMSTest", "SparkyMSTest\SparkyMSTest.csproj", "{8C6DC37A-8273-46EF-BCEF-9A12D32F0AF9}"
EndProject
Project("{9A19103F-16F7-4668-BE54-9A1E7A4F7556}") = "SparkyNUnitTest", "SparkyNUnitTest\SparkyNUnitTest.csproj", "{9FB09B6B-A0BB-45A4-86CA-F49AAD9BD019}"
EndProject
Project("{FAE04EC0-301F-11D3-BF4B-00C04F79EFBC}") = "SparkyXUnit", "SparkyXUnit\SparkyXUnit.csproj", "{0869EA40-FC3A-4211-B5D0-4D03219CC304}"
EndProject
Project("{2150E333-8FDC-42A3-9474-1A3956D46DE8}") = "BongoWeb", "BongoWeb", "{D6CBA959-07F1-4BED-BE1A-F9BBD007B93E}"
EndProject
Project("{9A19103F-16F7-4668-BE54-9A1E7A4F7556}") = "Bongo.Core", "Bongo_InitialSetup (.NET 6)\Bongo.Core\Bongo.Core.csproj", "{AA8D51CF-F101-49F6-B678-96595DB9FD8D}"
EndProject
Project("{9A19103F-16F7-4668-BE54-9A1E7A4F7556}") = "Bongo.DataAccess", "Bongo_InitialSetup (.NET 6)\Bongo.DataAccess\Bongo.DataAccess.csproj", "{21B9575F-C4F2-458D-8F30-38EDB1F17B34}"
EndProject
Project("{9A19103F-16F7-4668-BE54-9A1E7A4F7556}") = "Bongo.Models", "Bongo_InitialSetup (.NET 6)\Bongo.Models\Bongo.Models.csproj", "{2BD16BC5-3E88-46CF-ACC2-C45C090FBEDB}"
EndProject
Project("{9A19103F-16F7-4668-BE54-9A1E7A4F7556}") = "Bongo.Web", "Bongo_InitialSetup (.NET 6)\Bongo.Web\Bongo.Web.csproj", "{4E4360F4-5999-49A7-B3F6-ACBBA86995B3}"
EndProject
Project("{9A19103F-16F7-4668-BE54-9A1E7A4F7556}") = "Bongo.Models.Tests", "Bongo.Models.Tests\Bongo.Models.Tests.csproj", "{358B9B35-5D08-4B40-B80D-45CA87460D99}"
EndProject
Project("{9A19103F-16F7-4668-BE54-9A1E7A4F7556}") = "Bongo.DataAccess.Tests", "Bongo.DataAccess.Tests\Bongo.DataAccess.Tests.csproj", "{7AC4AA9B-FF45-4CA1-A2AD-A6D391ED6959}"
EndProject
Project("{9A19103F-16F7-4668-BE54-9A1E7A4F7556}") = "Bongo.Core.Tests", "Bongo.Core.Tests\Bongo.Core.Tests.csproj", "{E9E95FFB-FFD9-4421-814D-EFA1704C99D8}"
EndProject
Project("{9A19103F-16F7-4668-BE54-9A1E7A4F7556}") = "Bongo.Web.Tests", "Bongo.Web.Tests\Bongo.Web.Tests.csproj", "{E33F2101-0583-4940-9727-A348BE91308A}"
EndProject
Global
	GlobalSection(SolutionConfigurationPlatforms) = preSolution
		Debug|Any CPU = Debug|Any CPU
		Release|Any CPU = Release|Any CPU
	EndGlobalSection
	GlobalSection(ProjectConfigurationPlatforms) = postSolution
		{8A290A58-31B0-4376-9327-328DF2BDBFD2}.Debug|Any CPU.ActiveCfg = Debug|Any CPU
		{8A290A58-31B0-4376-9327-328DF2BDBFD2}.Debug|Any CPU.Build.0 = Debug|Any CPU
		{8A290A58-31B0-4376-9327-328DF2BDBFD2}.Release|Any CPU.ActiveCfg = Release|Any CPU
		{8A290A58-31B0-4376-9327-328DF2BDBFD2}.Release|Any CPU.Build.0 = Release|Any CPU
		{8C6DC37A-8273-46EF-BCEF-9A12D32F0AF9}.Debug|Any CPU.ActiveCfg = Debug|Any CPU
		{8C6DC37A-8273-46EF-BCEF-9A12D32F0AF9}.Debug|Any CPU.Build.0 = Debug|Any CPU
		{8C6DC37A-8273-46EF-BCEF-9A12D32F0AF9}.Release|Any CPU.ActiveCfg = Release|Any CPU
		{8C6DC37A-8273-46EF-BCEF-9A12D32F0AF9}.Release|Any CPU.Build.0 = Release|Any CPU
		{9FB09B6B-A0BB-45A4-86CA-F49AAD9BD019}.Debug|Any CPU.ActiveCfg = Debug|Any CPU
		{9FB09B6B-A0BB-45A4-86CA-F49AAD9BD019}.Debug|Any CPU.Build.0 = Debug|Any CPU
		{9FB09B6B-A0BB-45A4-86CA-F49AAD9BD019}.Release|Any CPU.ActiveCfg = Release|Any CPU
		{9FB09B6B-A0BB-45A4-86CA-F49AAD9BD019}.Release|Any CPU.Build.0 = Release|Any CPU
		{0869EA40-FC3A-4211-B5D0-4D03219CC304}.Debug|Any CPU.ActiveCfg = Debug|Any CPU
		{0869EA40-FC3A-4211-B5D0-4D03219CC304}.Debug|Any CPU.Build.0 = Debug|Any CPU
		{0869EA40-FC3A-4211-B5D0-4D03219CC304}.Release|Any CPU.ActiveCfg = Release|Any CPU
		{0869EA40-FC3A-4211-B5D0-4D03219CC304}.Release|Any CPU.Build.0 = Release|Any CPU
		{AA8D51CF-F101-49F6-B678-96595DB9FD8D}.Debug|Any CPU.ActiveCfg = Debug|Any CPU
		{AA8D51CF-F101-49F6-B678-96595DB9FD8D}.Debug|Any CPU.Build.0 = Debug|Any CPU
		{AA8D51CF-F101-49F6-B678-96595DB9FD8D}.Release|Any CPU.ActiveCfg = Release|Any CPU
		{AA8D51CF-F101-49F6-B678-96595DB9FD8D}.Release|Any CPU.Build.0 = Release|Any CPU
		{21B9575F-C4F2-458D-8F30-38EDB1F17B34}.Debug|Any CPU.ActiveCfg = Debug|Any CPU
		{21B9575F-C4F2-458D-8F30-38EDB1F17B34}.Debug|Any CPU.Build.0 = Debug|Any CPU
		{21B9575F-C4F2-458D-8F30-38EDB1F17B34}.Release|Any CPU.ActiveCfg = Release|Any CPU
		{21B9575F-C4F2-458D-8F30-38EDB1F17B34}.Release|Any CPU.Build.0 = Release|Any CPU
		{2BD16BC5-3E88-46CF-ACC2-C45C090FBEDB}.Debug|Any CPU.ActiveCfg = Debug|Any CPU
		{2BD16BC5-3E88-46CF-ACC2-C45C090FBEDB}.Debug|Any CPU.Build.0 = Debug|Any CPU
		{2BD16BC5-3E88-46CF-ACC2-C45C090FBEDB}.Release|Any CPU.ActiveCfg = Release|Any CPU
		{2BD16BC5-3E88-46CF-ACC2-C45C090FBEDB}.Release|Any CPU.Build.0 = Release|Any CPU
		{4E4360F4-5999-49A7-B3F6-ACBBA86995B3}.Debug|Any CPU.ActiveCfg = Debug|Any CPU
		{4E4360F4-5999-49A7-B3F6-ACBBA86995B3}.Debug|Any CPU.Build.0 = Debug|Any CPU
		{4E4360F4-5999-49A7-B3F6-ACBBA86995B3}.Release|Any CPU.ActiveCfg = Release|Any CPU
		{4E4360F4-5999-49A7-B3F6-ACBBA86995B3}.Release|Any CPU.Build.0 = Release|Any CPU
		{358B9B35-5D08-4B40-B80D-45CA87460D99}.Debug|Any CPU.ActiveCfg = Debug|Any CPU
		{358B9B35-5D08-4B40-B80D-45CA87460D99}.Debug|Any CPU.Build.0 = Debug|Any CPU
		{358B9B35-5D08-4B40-B80D-45CA87460D99}.Release|Any CPU.ActiveCfg = Release|Any CPU
		{358B9B35-5D08-4B40-B80D-45CA87460D99}.Release|Any CPU.Build.0 = Release|Any CPU
		{7AC4AA9B-FF45-4CA1-A2AD-A6D391ED6959}.Debug|Any CPU.ActiveCfg = Debug|Any CPU
		{7AC4AA9B-FF45-4CA1-A2AD-A6D391ED6959}.Debug|Any CPU.Build.0 = Debug|Any CPU
		{7AC4AA9B-FF45-4CA1-A2AD-A6D391ED6959}.Release|Any CPU.ActiveCfg = Release|Any CPU
		{7AC4AA9B-FF45-4CA1-A2AD-A6D391ED6959}.Release|Any CPU.Build.0 = Release|Any CPU
		{E9E95FFB-FFD9-4421-814D-EFA1704C99D8}.Debug|Any CPU.ActiveCfg = Debug|Any CPU
		{E9E95FFB-FFD9-4421-814D-EFA1704C99D8}.Debug|Any CPU.Build.0 = Debug|Any CPU
		{E9E95FFB-FFD9-4421-814D-EFA1704C99D8}.Release|Any CPU.ActiveCfg = Release|Any CPU
		{E9E95FFB-FFD9-4421-814D-EFA1704C99D8}.Release|Any CPU.Build.0 = Release|Any CPU
		{E33F2101-0583-4940-9727-A348BE91308A}.Debug|Any CPU.ActiveCfg = Debug|Any CPU
		{E33F2101-0583-4940-9727-A348BE91308A}.Debug|Any CPU.Build.0 = Debug|Any CPU
		{E33F2101-0583-4940-9727-A348BE91308A}.Release|Any CPU.ActiveCfg = Release|Any CPU
		{E33F2101-0583-4940-9727-A348BE91308A}.Release|Any CPU.Build.0 = Release|Any CPU
	EndGlobalSection
	GlobalSection(SolutionProperties) = preSolution
		HideSolutionNode = FALSE
	EndGlobalSection
	GlobalSection(NestedProjects) = preSolution
		{8A290A58-31B0-4376-9327-328DF2BDBFD2} = {FE64C8EF-215B-4E37-AF71-894A8084B5A0}
		{8C6DC37A-8273-46EF-BCEF-9A12D32F0AF9} = {FE64C8EF-215B-4E37-AF71-894A8084B5A0}
		{9FB09B6B-A0BB-45A4-86CA-F49AAD9BD019} = {FE64C8EF-215B-4E37-AF71-894A8084B5A0}
		{0869EA40-FC3A-4211-B5D0-4D03219CC304} = {FE64C8EF-215B-4E37-AF71-894A8084B5A0}
		{AA8D51CF-F101-49F6-B678-96595DB9FD8D} = {D6CBA959-07F1-4BED-BE1A-F9BBD007B93E}
		{21B9575F-C4F2-458D-8F30-38EDB1F17B34} = {D6CBA959-07F1-4BED-BE1A-F9BBD007B93E}
		{2BD16BC5-3E88-46CF-ACC2-C45C090FBEDB} = {D6CBA959-07F1-4BED-BE1A-F9BBD007B93E}
		{4E4360F4-5999-49A7-B3F6-ACBBA86995B3} = {D6CBA959-07F1-4BED-BE1A-F9BBD007B93E}
		{358B9B35-5D08-4B40-B80D-45CA87460D99} = {D6CBA959-07F1-4BED-BE1A-F9BBD007B93E}
		{7AC4AA9B-FF45-4CA1-A2AD-A6D391ED6959} = {D6CBA959-07F1-4BED-BE1A-F9BBD007B93E}
		{E9E95FFB-FFD9-4421-814D-EFA1704C99D8} = {D6CBA959-07F1-4BED-BE1A-F9BBD007B93E}
		{E33F2101-0583-4940-9727-A348BE91308A} = {D6CBA959-07F1-4BED-BE1A-F9BBD007B93E}
	EndGlobalSection
	GlobalSection(ExtensibilityGlobals) = postSolution
		SolutionGuid = {478A0FAC-9351-4F7E-BD3E-EEEA2D38D69A}
	EndGlobalSection
EndGlobal
